// !$*UTF8*$!
{
	archiveVersion = 1;
	classes = {
	};
	objectVersion = 46;
	objects = {

/* Begin PBXBuildFile section */
		E70E3F7A1DD328B800D1EA1F /* AppDelegate.swift in Sources */ = {isa = PBXBuildFile; fileRef = E70E3F791DD328B800D1EA1F /* AppDelegate.swift */; };
		E70E3F7C1DD328B800D1EA1F /* MapViewController.swift in Sources */ = {isa = PBXBuildFile; fileRef = E70E3F7B1DD328B800D1EA1F /* MapViewController.swift */; };
		E70E3F7F1DD328B800D1EA1F /* Main.storyboard in Resources */ = {isa = PBXBuildFile; fileRef = E70E3F7D1DD328B800D1EA1F /* Main.storyboard */; };
		E70E3F811DD328B800D1EA1F /* Assets.xcassets in Resources */ = {isa = PBXBuildFile; fileRef = E70E3F801DD328B800D1EA1F /* Assets.xcassets */; };
		E70E3F841DD328B800D1EA1F /* LaunchScreen.storyboard in Resources */ = {isa = PBXBuildFile; fileRef = E70E3F821DD328B800D1EA1F /* LaunchScreen.storyboard */; };
		E70E3F8C1DD32B9400D1EA1F /* PlacesViewController.swift in Sources */ = {isa = PBXBuildFile; fileRef = E70E3F8B1DD32B9400D1EA1F /* PlacesViewController.swift */; };
		E7CC99851DD4743900A158F6 /* CoreLocation.framework in Frameworks */ = {isa = PBXBuildFile; fileRef = E7CC99841DD4743900A158F6 /* CoreLocation.framework */; };
/* End PBXBuildFile section */

/* Begin PBXFileReference section */
		E70E3F761DD328B800D1EA1F /* Memorable Places.app */ = {isa = PBXFileReference; explicitFileType = wrapper.application; includeInIndex = 0; path = "Memorable Places.app"; sourceTree = BUILT_PRODUCTS_DIR; };
		E70E3F791DD328B800D1EA1F /* AppDelegate.swift */ = {isa = PBXFileReference; lastKnownFileType = sourcecode.swift; path = AppDelegate.swift; sourceTree = "<group>"; };
		E70E3F7B1DD328B800D1EA1F /* MapViewController.swift */ = {isa = PBXFileReference; lastKnownFileType = sourcecode.swift; path = MapViewController.swift; sourceTree = "<group>"; };
		E70E3F7E1DD328B800D1EA1F /* Base */ = {isa = PBXFileReference; lastKnownFileType = file.storyboard; name = Base; path = Base.lproj/Main.storyboard; sourceTree = "<group>"; };
		E70E3F801DD328B800D1EA1F /* Assets.xcassets */ = {isa = PBXFileReference; lastKnownFileType = folder.assetcatalog; path = Assets.xcassets; sourceTree = "<group>"; };
		E70E3F831DD328B800D1EA1F /* Base */ = {isa = PBXFileReference; lastKnownFileType = file.storyboard; name = Base; path = Base.lproj/LaunchScreen.storyboard; sourceTree = "<group>"; };
		E70E3F851DD328B800D1EA1F /* Info.plist */ = {isa = PBXFileReference; lastKnownFileType = text.plist.xml; path = Info.plist; sourceTree = "<group>"; };
		E70E3F8B1DD32B9400D1EA1F /* PlacesViewController.swift */ = {isa = PBXFileReference; fileEncoding = 4; lastKnownFileType = sourcecode.swift; path = PlacesViewController.swift; sourceTree = "<group>"; };
		E7CC99841DD4743900A158F6 /* CoreLocation.framework */ = {isa = PBXFileReference; lastKnownFileType = wrapper.framework; name = CoreLocation.framework; path = System/Library/Frameworks/CoreLocation.framework; sourceTree = SDKROOT; };
/* End PBXFileReference section */

/* Begin PBXFrameworksBuildPhase section */
		E70E3F731DD328B800D1EA1F /* Frameworks */ = {
			isa = PBXFrameworksBuildPhase;
			buildActionMask = 2147483647;
			files = (
				E7CC99851DD4743900A158F6 /* CoreLocation.framework in Frameworks */,
			);
			runOnlyForDeploymentPostprocessing = 0;
		};
/* End PBXFrameworksBuildPhase section */

/* Begin PBXGroup section */
		E70E3F6D1DD328B800D1EA1F = {
			isa = PBXGroup;
			children = (
				E70E3F781DD328B800D1EA1F /* Memorable Places */,
				E70E3F771DD328B800D1EA1F /* Products */,
				E7CC99831DD4743900A158F6 /* Frameworks */,
			);
			sourceTree = "<group>";
		};
		E70E3F771DD328B800D1EA1F /* Products */ = {
			isa = PBXGroup;
			children = (
				E70E3F761DD328B800D1EA1F /* Memorable Places.app */,
			);
			name = Products;
			sourceTree = "<group>";
		};
		E70E3F781DD328B800D1EA1F /* Memorable Places */ = {
			isa = PBXGroup;
			children = (
				E70E3F7B1DD328B800D1EA1F /* MapViewController.swift */,
				E70E3F8B1DD32B9400D1EA1F /* PlacesViewController.swift */,
				E70E3F7D1DD328B800D1EA1F /* Main.storyboard */,
				E70E3F801DD328B800D1EA1F /* Assets.xcassets */,
				E70E3F791DD328B800D1EA1F /* AppDelegate.swift */,
				E70E3F821DD328B800D1EA1F /* LaunchScreen.storyboard */,
				E70E3F851DD328B800D1EA1F /* Info.plist */,
			);
			path = "Memorable Places";
			sourceTree = "<group>";
		};
		E7CC99831DD4743900A158F6 /* Frameworks */ = {
			isa = PBXGroup;
			children = (
				E7CC99841DD4743900A158F6 /* CoreLocation.framework */,
			);
			name = Frameworks;
			sourceTree = "<group>";
		};
/* End PBXGroup section */

/* Begin PBXNativeTarget section */
		E70E3F751DD328B800D1EA1F /* Memorable Places */ = {
			isa = PBXNativeTarget;
			buildConfigurationList = E70E3F881DD328B800D1EA1F /* Build configuration list for PBXNativeTarget "Memorable Places" */;
			buildPhases = (
				E70E3F721DD328B800D1EA1F /* Sources */,
				E70E3F731DD328B800D1EA1F /* Frameworks */,
				E70E3F741DD328B800D1EA1F /* Resources */,
			);
			buildRules = (
			);
			dependencies = (
			);
			name = "Memorable Places";
			productName = "Memorable Places";
			productReference = E70E3F761DD328B800D1EA1F /* Memorable Places.app */;
			productType = "com.apple.product-type.application";
		};
/* End PBXNativeTarget section */

/* Begin PBXProject section */
		E70E3F6E1DD328B800D1EA1F /* Project object */ = {
			isa = PBXProject;
			attributes = {
				LastSwiftUpdateCheck = 0810;
				LastUpgradeCheck = 0810;
				ORGANIZATIONNAME = "joey frenette";
				TargetAttributes = {
					E70E3F751DD328B800D1EA1F = {
						CreatedOnToolsVersion = 8.1;
						DevelopmentTeam = 45NT26WB49;
						ProvisioningStyle = Automatic;
					};
				};
			};
			buildConfigurationList = E70E3F711DD328B800D1EA1F /* Build configuration list for PBXProject "Memorable Places" */;
			compatibilityVersion = "Xcode 3.2";
			developmentRegion = English;
			hasScannedForEncodings = 0;
			knownRegions = (
				en,
				Base,
			);
			mainGroup = E70E3F6D1DD328B800D1EA1F;
			productRefGroup = E70E3F771DD328B800D1EA1F /* Products */;
			projectDirPath = "";
			projectRoot = "";
			targets = (
				E70E3F751DD328B800D1EA1F /* Memorable Places */,
			);
		};
/* End PBXProject section */

/* Begin PBXResourcesBuildPhase section */
		E70E3F741DD328B800D1EA1F /* Resources */ = {
			isa = PBXResourcesBuildPhase;
			buildActionMask = 2147483647;
			files = (
				E70E3F841DD328B800D1EA1F /* LaunchScreen.storyboard in Resources */,
				E70E3F811DD328B800D1EA1F /* Assets.xcassets in Resources */,
				E70E3F7F1DD328B800D1EA1F /* Main.storyboard in Resources */,
			);
			runOnlyForDeploymentPostprocessing = 0;
		};
/* End PBXResourcesBuildPhase section */

/* Begin PBXSourcesBuildPhase section */
		E70E3F721DD328B800D1EA1F /* Sources */ = {
			isa = PBXSourcesBuildPhase;
			buildActionMask = 2147483647;
			files = (
				E70E3F8C1DD32B9400D1EA1F /* PlacesViewController.swift in Sources */,
				E70E3F7C1DD328B800D1EA1F /* MapViewController.swift in Sources */,
				E70E3F7A1DD328B800D1EA1F /* AppDelegate.swift in Sources */,
			);
			runOnlyForDeploymentPostprocessing = 0;
		};
/* End PBXSourcesBuildPhase section */

/* Begin PBXVariantGroup section */
		E70E3F7D1DD328B800D1EA1F /* Main.storyboard */ = {
			isa = PBXVariantGroup;
			children = (
				E70E3F7E1DD328B800D1EA1F /* Base */,
			);
			name = Main.storyboard;
			sourceTree = "<group>";
		};
		E70E3F821DD328B800D1EA1F /* LaunchScreen.storyboard */ = {
			isa = PBXVariantGroup;
			children = (
				E70E3F831DD328B800D1EA1F /* Base */,
			);
			name = LaunchScreen.storyboard;
			sourceTree = "<group>";
		};
/* End PBXVariantGroup section */

/* Begin XCBuildConfiguration section */
		E70E3F861DD328B800D1EA1F /* Debug */ = {
			isa = XCBuildConfiguration;
			buildSettings = {
				ALWAYS_SEARCH_USER_PATHS = NO;
				CLANG_ANALYZER_NONNULL = YES;
				CLANG_CXX_LANGUAGE_STANDARD = "gnu++0x";
				CLANG_CXX_LIBRARY = "libc++";
				CLANG_ENABLE_MODULES = YES;
				CLANG_ENABLE_OBJC_ARC = YES;
				CLANG_WARN_BOOL_CONVERSION = YES;
				CLANG_WARN_CONSTANT_CONVERSION = YES;
				CLANG_WARN_DIRECT_OBJC_ISA_USAGE = YES_ERROR;
				CLANG_WARN_DOCUMENTATION_COMMENTS = YES;
				CLANG_WARN_EMPTY_BODY = YES;
				CLANG_WARN_ENUM_CONVERSION = YES;
				CLANG_WARN_INFINITE_RECURSION = YES;
				CLANG_WARN_INT_CONVERSION = YES;
				CLANG_WARN_OBJC_ROOT_CLASS = YES_ERROR;
				CLANG_WARN_SUSPICIOUS_MOVES = YES;
				CLANG_WARN_UNREACHABLE_CODE = YES;
				CLANG_WARN__DUPLICATE_METHOD_MATCH = YES;
				"CODE_SIGN_IDENTITY[sdk=iphoneos*]" = "iPhone Developer";
				COPY_PHASE_STRIP = NO;
				DEBUG_INFORMATION_FORMAT = dwarf;
				ENABLE_STRICT_OBJC_MSGSEND = YES;
				ENABLE_TESTABILITY = YES;
				GCC_C_LANGUAGE_STANDARD = gnu99;
				GCC_DYNAMIC_NO_PIC = NO;
				GCC_NO_COMMON_BLOCKS = YES;
				GCC_OPTIMIZATION_LEVEL = 0;
				GCC_PREPROCESSOR_DEFINITIONS = (
					"DEBUG=1",
					"$(inherited)",
				);
				GCC_WARN_64_TO_32_BIT_CONVERSION = YES;
				GCC_WARN_ABOUT_RETURN_TYPE = YES_ERROR;
				GCC_WARN_UNDECLARED_SELECTOR = YES;
				GCC_WARN_UNINITIALIZED_AUTOS = YES_AGGRESSIVE;
				GCC_WARN_UNUSED_FUNCTION = YES;
				GCC_WARN_UNUSED_VARIABLE = YES;
				IPHONEOS_DEPLOYMENT_TARGET = 10.1;
				MTL_ENABLE_DEBUG_INFO = YES;
				ONLY_ACTIVE_ARCH = YES;
				SDKROOT = iphoneos;
				SWIFT_ACTIVE_COMPILATION_CONDITIONS = DEBUG;
				SWIFT_OPTIMIZATION_LEVEL = "-Onone";
				TARGETED_DEVICE_FAMILY = "1,2";
			};
			name = Debug;
		};
		E70E3F871DD328B800D1EA1F /* Release */ = {
			isa = XCBuildConfiguration;
			buildSettings = {
				ALWAYS_SEARCH_USER_PATHS = NO;
				CLANG_ANALYZER_NONNULL = YES;
				CLANG_CXX_LANGUAGE_STANDARD = "gnu++0x";
				CLANG_CXX_LIBRARY = "libc++";
				CLANG_ENABLE_MODULES = YES;
				CLANG_ENABLE_OBJC_ARC = YES;
				CLANG_WARN_BOOL_CONVERSION = YES;
				CLANG_WARN_CONSTANT_CONVERSION = YES;
				CLANG_WARN_DIRECT_OBJC_ISA_USAGE = YES_ERROR;
				CLANG_WARN_DOCUMENTATION_COMMENTS = YES;
				CLANG_WARN_EMPTY_BODY = YES;
				CLANG_WARN_ENUM_CONVERSION = YES;
				CLANG_WARN_INFINITE_RECURSION = YES;
				CLANG_WARN_INT_CONVERSION = YES;
				CLANG_WARN_OBJC_ROOT_CLASS = YES_ERROR;
				CLANG_WARN_SUSPICIOUS_MOVES = YES;
				CLANG_WARN_UNREACHABLE_CODE = YES;
				CLANG_WARN__DUPLICATE_METHOD_MATCH = YES;
				"CODE_SIGN_IDENTITY[sdk=iphoneos*]" = "iPhone Developer";
				COPY_PHASE_STRIP = NO;
				DEBUG_INFORMATION_FORMAT = "dwarf-with-dsym";
				ENABLE_NS_ASSERTIONS = NO;
				ENABLE_STRICT_OBJC_MSGSEND = YES;
				GCC_C_LANGUAGE_STANDARD = gnu99;
				GCC_NO_COMMON_BLOCKS = YES;
				GCC_WARN_64_TO_32_BIT_CONVERSION = YES;
				GCC_WARN_ABOUT_RETURN_TYPE = YES_ERROR;
				GCC_WARN_UNDECLARED_SELECTOR = YES;
				GCC_WARN_UNINITIALIZED_AUTOS = YES_AGGRESSIVE;
				GCC_WARN_UNUSED_FUNCTION = YES;
				GCC_WARN_UNUSED_VARIABLE = YES;
				IPHONEOS_DEPLOYMENT_TARGET = 10.1;
				MTL_ENABLE_DEBUG_INFO = NO;
				SDKROOT = iphoneos;
				SWIFT_OPTIMIZATION_LEVEL = "-Owholemodule";
				TARGETED_DEVICE_FAMILY = "1,2";
				VALIDATE_PRODUCT = YES;
			};
			name = Release;
		};
		E70E3F891DD328B800D1EA1F /* Debug */ = {
			isa = XCBuildConfiguration;
			buildSettings = {
				ASSETCATALOG_COMPILER_APPICON_NAME = AppIcon;
				DEVELOPMENT_TEAM = 45NT26WB49;
				INFOPLIST_FILE = "Memorable Places/Info.plist";
				LD_RUNPATH_SEARCH_PATHS = "$(inherited) @executable_path/Frameworks";
				PRODUCT_BUNDLE_IDENTIFIER = "com.medula.Memorable-Places";
				PRODUCT_NAME = "$(TARGET_NAME)";
				SWIFT_VERSION = 3.0;
			};
			name = Debug;
		};
		E70E3F8A1DD328B800D1EA1F /* Release */ = {
			isa = XCBuildConfiguration;
			buildSettings = {
				ASSETCATALOG_COMPILER_APPICON_NAME = AppIcon;
				DEVELOPMENT_TEAM = 45NT26WB49;
				INFOPLIST_FILE = "Memorable Places/Info.plist";
				LD_RUNPATH_SEARCH_PATHS = "$(inherited) @executable_path/Frameworks";
				PRODUCT_BUNDLE_IDENTIFIER = "com.medula.Memorable-Places";
				PRODUCT_NAME = "$(TARGET_NAME)";
				SWIFT_VERSION = 3.0;
			};
			name = Release;
		};
/* End XCBuildConfiguration section */

/* Begin XCConfigurationList section */
		E70E3F711DD328B800D1EA1F /* Build configuration list for PBXProject "Memorable Places" */ = {
			isa = XCConfigurationList;
			buildConfigurations = (
				E70E3F861DD328B800D1EA1F /* Debug */,
				E70E3F871DD328B800D1EA1F /* Release */,
			);
			defaultConfigurationIsVisible = 0;
			defaultConfigurationName = Release;
		};
		E70E3F881DD328B800D1EA1F /* Build configuration list for PBXNativeTarget "Memorable Places" */ = {
			isa = XCConfigurationList;
			buildConfigurations = (
				E70E3F891DD328B800D1EA1F /* Debug */,
				E70E3F8A1DD328B800D1EA1F /* Release */,
			);
			defaultConfigurationIsVisible = 0;
			defaultConfigurationName = Release;
		};
/* End XCConfigurationList section */
	};
	rootObject = E70E3F6E1DD328B800D1EA1F /* Project object */;
}
